// !$*UTF8*$!
{
	archiveVersion = 1;
	classes = {
	};
	objectVersion = 48;
	objects = {

/* Begin PBXBuildFile section */
		6426E2A12028A28A00DB723C /* Assets.xcassets in Resources */ = {isa = PBXBuildFile; fileRef = 6426E2A02028A28A00DB723C /* Assets.xcassets */; };
		6426E2A42028A28A00DB723C /* Main.storyboard in Resources */ = {isa = PBXBuildFile; fileRef = 6426E2A22028A28A00DB723C /* Main.storyboard */; };
		6426E2B22028A28A00DB723C /* OpenGL_Hello_worldTests.m in Sources */ = {isa = PBXBuildFile; fileRef = 6426E2B12028A28A00DB723C /* OpenGL_Hello_worldTests.m */; };
		6426E2BD2028A28A00DB723C /* OpenGL_Hello_worldUITests.m in Sources */ = {isa = PBXBuildFile; fileRef = 6426E2BC2028A28A00DB723C /* OpenGL_Hello_worldUITests.m */; };
		6426E2CC2028A2A600DB723C /* OpenGL.framework in Frameworks */ = {isa = PBXBuildFile; fileRef = 6426E2CB2028A2A600DB723C /* OpenGL.framework */; };
		6426E2CE2028A2B100DB723C /* GLUT.framework in Frameworks */ = {isa = PBXBuildFile; fileRef = 6426E2CD2028A2B100DB723C /* GLUT.framework */; };
		6426E2E22028A4D600DB723C /* libGLTools.a in Frameworks */ = {isa = PBXBuildFile; fileRef = 6426E2E12028A4D600DB723C /* libGLTools.a */; };
		6426E2E42028A57600DB723C /* main.cpp in Sources */ = {isa = PBXBuildFile; fileRef = 6426E2E32028A57600DB723C /* main.cpp */; };
/* End PBXBuildFile section */

/* Begin PBXContainerItemProxy section */
		6426E2AE2028A28A00DB723C /* PBXContainerItemProxy */ = {
			isa = PBXContainerItemProxy;
			containerPortal = 6426E28F2028A28A00DB723C /* Project object */;
			proxyType = 1;
			remoteGlobalIDString = 6426E2962028A28A00DB723C;
			remoteInfo = "OpenGL Hello world";
		};
		6426E2B92028A28A00DB723C /* PBXContainerItemProxy */ = {
			isa = PBXContainerItemProxy;
			containerPortal = 6426E28F2028A28A00DB723C /* Project object */;
			proxyType = 1;
			remoteGlobalIDString = 6426E2962028A28A00DB723C;
			remoteInfo = "OpenGL Hello world";
		};
/* End PBXContainerItemProxy section */

/* Begin PBXFileReference section */
		6426E2972028A28A00DB723C /* OpenGL Hello world.app */ = {isa = PBXFileReference; explicitFileType = wrapper.application; includeInIndex = 0; path = "OpenGL Hello world.app"; sourceTree = BUILT_PRODUCTS_DIR; };
		6426E2A02028A28A00DB723C /* Assets.xcassets */ = {isa = PBXFileReference; lastKnownFileType = folder.assetcatalog; path = Assets.xcassets; sourceTree = "<group>"; };
		6426E2A32028A28A00DB723C /* Base */ = {isa = PBXFileReference; lastKnownFileType = file.storyboard; name = Base; path = Base.lproj/Main.storyboard; sourceTree = "<group>"; };
		6426E2A52028A28A00DB723C /* Info.plist */ = {isa = PBXFileReference; lastKnownFileType = text.plist.xml; path = Info.plist; sourceTree = "<group>"; };
		6426E2A82028A28A00DB723C /* OpenGL_Hello_world.entitlements */ = {isa = PBXFileReference; lastKnownFileType = text.plist.entitlements; path = OpenGL_Hello_world.entitlements; sourceTree = "<group>"; };
		6426E2AD2028A28A00DB723C /* OpenGL Hello worldTests.xctest */ = {isa = PBXFileReference; explicitFileType = wrapper.cfbundle; includeInIndex = 0; path = "OpenGL Hello worldTests.xctest"; sourceTree = BUILT_PRODUCTS_DIR; };
		6426E2B12028A28A00DB723C /* OpenGL_Hello_worldTests.m */ = {isa = PBXFileReference; lastKnownFileType = sourcecode.c.objc; path = OpenGL_Hello_worldTests.m; sourceTree = "<group>"; };
		6426E2B32028A28A00DB723C /* Info.plist */ = {isa = PBXFileReference; lastKnownFileType = text.plist.xml; path = Info.plist; sourceTree = "<group>"; };
		6426E2B82028A28A00DB723C /* OpenGL Hello worldUITests.xctest */ = {isa = PBXFileReference; explicitFileType = wrapper.cfbundle; includeInIndex = 0; path = "OpenGL Hello worldUITests.xctest"; sourceTree = BUILT_PRODUCTS_DIR; };
		6426E2BC2028A28A00DB723C /* OpenGL_Hello_worldUITests.m */ = {isa = PBXFileReference; lastKnownFileType = sourcecode.c.objc; path = OpenGL_Hello_worldUITests.m; sourceTree = "<group>"; };
		6426E2BE2028A28A00DB723C /* Info.plist */ = {isa = PBXFileReference; lastKnownFileType = text.plist.xml; path = Info.plist; sourceTree = "<group>"; };
		6426E2CB2028A2A600DB723C /* OpenGL.framework */ = {isa = PBXFileReference; lastKnownFileType = wrapper.framework; name = OpenGL.framework; path = System/Library/Frameworks/OpenGL.framework; sourceTree = SDKROOT; };
		6426E2CD2028A2B100DB723C /* GLUT.framework */ = {isa = PBXFileReference; lastKnownFileType = wrapper.framework; name = GLUT.framework; path = System/Library/Frameworks/GLUT.framework; sourceTree = SDKROOT; };
		6426E2D12028A48400DB723C /* glew.h */ = {isa = PBXFileReference; fileEncoding = 4; lastKnownFileType = sourcecode.c.h; path = glew.h; sourceTree = "<group>"; };
		6426E2D22028A48400DB723C /* glxew.h */ = {isa = PBXFileReference; fileEncoding = 4; lastKnownFileType = sourcecode.c.h; path = glxew.h; sourceTree = "<group>"; };
		6426E2D32028A48400DB723C /* wglew.h */ = {isa = PBXFileReference; fileEncoding = 4; lastKnownFileType = sourcecode.c.h; path = wglew.h; sourceTree = "<group>"; };
		6426E2D42028A48400DB723C /* GLBatch.h */ = {isa = PBXFileReference; fileEncoding = 4; lastKnownFileType = sourcecode.c.h; path = GLBatch.h; sourceTree = "<group>"; };
		6426E2D52028A48400DB723C /* GLBatchBase.h */ = {isa = PBXFileReference; fileEncoding = 4; lastKnownFileType = sourcecode.c.h; path = GLBatchBase.h; sourceTree = "<group>"; };
		6426E2D62028A48400DB723C /* GLFrame.h */ = {isa = PBXFileReference; fileEncoding = 4; lastKnownFileType = sourcecode.c.h; path = GLFrame.h; sourceTree = "<group>"; };
		6426E2D72028A48400DB723C /* GLFrustum.h */ = {isa = PBXFileReference; fileEncoding = 4; lastKnownFileType = sourcecode.c.h; path = GLFrustum.h; sourceTree = "<group>"; };
		6426E2D82028A48400DB723C /* GLGeometryTransform.h */ = {isa = PBXFileReference; fileEncoding = 4; lastKnownFileType = sourcecode.c.h; path = GLGeometryTransform.h; sourceTree = "<group>"; };
		6426E2D92028A48400DB723C /* GLMatrixStack.h */ = {isa = PBXFileReference; fileEncoding = 4; lastKnownFileType = sourcecode.c.h; path = GLMatrixStack.h; sourceTree = "<group>"; };
		6426E2DA2028A48400DB723C /* GLShaderManager.h */ = {isa = PBXFileReference; fileEncoding = 4; lastKnownFileType = sourcecode.c.h; path = GLShaderManager.h; sourceTree = "<group>"; };
		6426E2DB2028A48400DB723C /* GLTools.h */ = {isa = PBXFileReference; fileEncoding = 4; lastKnownFileType = sourcecode.c.h; path = GLTools.h; sourceTree = "<group>"; };
		6426E2DC2028A48400DB723C /* GLTriangleBatch.h */ = {isa = PBXFileReference; fileEncoding = 4; lastKnownFileType = sourcecode.c.h; path = GLTriangleBatch.h; sourceTree = "<group>"; };
		6426E2DD2028A48400DB723C /* math3d.h */ = {isa = PBXFileReference; fileEncoding = 4; lastKnownFileType = sourcecode.c.h; path = math3d.h; sourceTree = "<group>"; };
		6426E2DE2028A48400DB723C /* StopWatch.h */ = {isa = PBXFileReference; fileEncoding = 4; lastKnownFileType = sourcecode.c.h; path = StopWatch.h; sourceTree = "<group>"; };
		6426E2E12028A4D600DB723C /* libGLTools.a */ = {isa = PBXFileReference; lastKnownFileType = archive.ar; path = libGLTools.a; sourceTree = "<group>"; };
		6426E2E32028A57600DB723C /* main.cpp */ = {isa = PBXFileReference; lastKnownFileType = sourcecode.cpp.cpp; path = main.cpp; sourceTree = "<group>"; };
/* End PBXFileReference section */

/* Begin PBXFrameworksBuildPhase section */
		6426E2942028A28A00DB723C /* Frameworks */ = {
			isa = PBXFrameworksBuildPhase;
			buildActionMask = 2147483647;
			files = (
				6426E2CE2028A2B100DB723C /* GLUT.framework in Frameworks */,
				6426E2E22028A4D600DB723C /* libGLTools.a in Frameworks */,
				6426E2CC2028A2A600DB723C /* OpenGL.framework in Frameworks */,
			);
			runOnlyForDeploymentPostprocessing = 0;
		};
		6426E2AA2028A28A00DB723C /* Frameworks */ = {
			isa = PBXFrameworksBuildPhase;
			buildActionMask = 2147483647;
			files = (
			);
			runOnlyForDeploymentPostprocessing = 0;
		};
		6426E2B52028A28A00DB723C /* Frameworks */ = {
			isa = PBXFrameworksBuildPhase;
			buildActionMask = 2147483647;
			files = (
			);
			runOnlyForDeploymentPostprocessing = 0;
		};
/* End PBXFrameworksBuildPhase section */

/* Begin PBXGroup section */
		6426E28E2028A28A00DB723C = {
			isa = PBXGroup;
			children = (
				6426E2E32028A57600DB723C /* main.cpp */,
				6426E2992028A28A00DB723C /* OpenGL Hello world */,
				6426E2B02028A28A00DB723C /* OpenGL Hello worldTests */,
				6426E2BB2028A28A00DB723C /* OpenGL Hello worldUITests */,
				6426E2982028A28A00DB723C /* Products */,
				6426E2CA2028A2A600DB723C /* Frameworks */,
			);
			sourceTree = "<group>";
		};
		6426E2982028A28A00DB723C /* Products */ = {
			isa = PBXGroup;
			children = (
				6426E2972028A28A00DB723C /* OpenGL Hello world.app */,
				6426E2AD2028A28A00DB723C /* OpenGL Hello worldTests.xctest */,
				6426E2B82028A28A00DB723C /* OpenGL Hello worldUITests.xctest */,
			);
			name = Products;
			sourceTree = "<group>";
		};
		6426E2992028A28A00DB723C /* OpenGL Hello world */ = {
			isa = PBXGroup;
			children = (
				6426E2CF2028A48400DB723C /* include */,
				6426E2A02028A28A00DB723C /* Assets.xcassets */,
				6426E2A22028A28A00DB723C /* Main.storyboard */,
				6426E2A52028A28A00DB723C /* Info.plist */,
				6426E2A82028A28A00DB723C /* OpenGL_Hello_world.entitlements */,
			);
			path = "OpenGL Hello world";
			sourceTree = "<group>";
		};
		6426E2B02028A28A00DB723C /* OpenGL Hello worldTests */ = {
			isa = PBXGroup;
			children = (
				6426E2B12028A28A00DB723C /* OpenGL_Hello_worldTests.m */,
				6426E2B32028A28A00DB723C /* Info.plist */,
			);
			path = "OpenGL Hello worldTests";
			sourceTree = "<group>";
		};
		6426E2BB2028A28A00DB723C /* OpenGL Hello worldUITests */ = {
			isa = PBXGroup;
			children = (
				6426E2BC2028A28A00DB723C /* OpenGL_Hello_worldUITests.m */,
				6426E2BE2028A28A00DB723C /* Info.plist */,
			);
			path = "OpenGL Hello worldUITests";
			sourceTree = "<group>";
		};
		6426E2CA2028A2A600DB723C /* Frameworks */ = {
			isa = PBXGroup;
			children = (
				6426E2E12028A4D600DB723C /* libGLTools.a */,
				6426E2CD2028A2B100DB723C /* GLUT.framework */,
				6426E2CB2028A2A600DB723C /* OpenGL.framework */,
			);
			name = Frameworks;
			sourceTree = "<group>";
		};
		6426E2CF2028A48400DB723C /* include */ = {
			isa = PBXGroup;
			children = (
				6426E2D02028A48400DB723C /* GL */,
				6426E2D42028A48400DB723C /* GLBatch.h */,
				6426E2D52028A48400DB723C /* GLBatchBase.h */,
				6426E2D62028A48400DB723C /* GLFrame.h */,
				6426E2D72028A48400DB723C /* GLFrustum.h */,
				6426E2D82028A48400DB723C /* GLGeometryTransform.h */,
				6426E2D92028A48400DB723C /* GLMatrixStack.h */,
				6426E2DA2028A48400DB723C /* GLShaderManager.h */,
				6426E2DB2028A48400DB723C /* GLTools.h */,
				6426E2DC2028A48400DB723C /* GLTriangleBatch.h */,
				6426E2DD2028A48400DB723C /* math3d.h */,
				6426E2DE2028A48400DB723C /* StopWatch.h */,
			);
			path = include;
			sourceTree = "<group>";
		};
		6426E2D02028A48400DB723C /* GL */ = {
			isa = PBXGroup;
			children = (
				6426E2D12028A48400DB723C /* glew.h */,
				6426E2D22028A48400DB723C /* glxew.h */,
				6426E2D32028A48400DB723C /* wglew.h */,
			);
			path = GL;
			sourceTree = "<group>";
		};
/* End PBXGroup section */

/* Begin PBXNativeTarget section */
		6426E2962028A28A00DB723C /* OpenGL Hello world */ = {
			isa = PBXNativeTarget;
			buildConfigurationList = 6426E2C12028A28A00DB723C /* Build configuration list for PBXNativeTarget "OpenGL Hello world" */;
			buildPhases = (
				6426E2932028A28A00DB723C /* Sources */,
				6426E2942028A28A00DB723C /* Frameworks */,
				6426E2952028A28A00DB723C /* Resources */,
			);
			buildRules = (
			);
			dependencies = (
			);
			name = "OpenGL Hello world";
			productName = "OpenGL Hello world";
			productReference = 6426E2972028A28A00DB723C /* OpenGL Hello world.app */;
			productType = "com.apple.product-type.application";
		};
		6426E2AC2028A28A00DB723C /* OpenGL Hello worldTests */ = {
			isa = PBXNativeTarget;
			buildConfigurationList = 6426E2C42028A28A00DB723C /* Build configuration list for PBXNativeTarget "OpenGL Hello worldTests" */;
			buildPhases = (
				6426E2A92028A28A00DB723C /* Sources */,
				6426E2AA2028A28A00DB723C /* Frameworks */,
				6426E2AB2028A28A00DB723C /* Resources */,
			);
			buildRules = (
			);
			dependencies = (
				6426E2AF2028A28A00DB723C /* PBXTargetDependency */,
			);
			name = "OpenGL Hello worldTests";
			productName = "OpenGL Hello worldTests";
			productReference = 6426E2AD2028A28A00DB723C /* OpenGL Hello worldTests.xctest */;
			productType = "com.apple.product-type.bundle.unit-test";
		};
		6426E2B72028A28A00DB723C /* OpenGL Hello worldUITests */ = {
			isa = PBXNativeTarget;
			buildConfigurationList = 6426E2C72028A28A00DB723C /* Build configuration list for PBXNativeTarget "OpenGL Hello worldUITests" */;
			buildPhases = (
				6426E2B42028A28A00DB723C /* Sources */,
				6426E2B52028A28A00DB723C /* Frameworks */,
				6426E2B62028A28A00DB723C /* Resources */,
			);
			buildRules = (
			);
			dependencies = (
				6426E2BA2028A28A00DB723C /* PBXTargetDependency */,
			);
			name = "OpenGL Hello worldUITests";
			productName = "OpenGL Hello worldUITests";
			productReference = 6426E2B82028A28A00DB723C /* OpenGL Hello worldUITests.xctest */;
			productType = "com.apple.product-type.bundle.ui-testing";
		};
/* End PBXNativeTarget section */

/* Begin PBXProject section */
		6426E28F2028A28A00DB723C /* Project object */ = {
			isa = PBXProject;
			attributes = {
				LastUpgradeCheck = 0920;
				ORGANIZATIONNAME = MountainJay;
				TargetAttributes = {
					6426E2962028A28A00DB723C = {
						CreatedOnToolsVersion = 9.2;
						ProvisioningStyle = Automatic;
					};
					6426E2AC2028A28A00DB723C = {
						CreatedOnToolsVersion = 9.2;
						ProvisioningStyle = Automatic;
						TestTargetID = 6426E2962028A28A00DB723C;
					};
					6426E2B72028A28A00DB723C = {
						CreatedOnToolsVersion = 9.2;
						ProvisioningStyle = Automatic;
						TestTargetID = 6426E2962028A28A00DB723C;
					};
				};
			};
			buildConfigurationList = 6426E2922028A28A00DB723C /* Build configuration list for PBXProject "OpenGL Hello world" */;
			compatibilityVersion = "Xcode 8.0";
			developmentRegion = en;
			hasScannedForEncodings = 0;
			knownRegions = (
				en,
				Base,
			);
			mainGroup = 6426E28E2028A28A00DB723C;
			productRefGroup = 6426E2982028A28A00DB723C /* Products */;
			projectDirPath = "";
			projectRoot = "";
			targets = (
				6426E2962028A28A00DB723C /* OpenGL Hello world */,
				6426E2AC2028A28A00DB723C /* OpenGL Hello worldTests */,
				6426E2B72028A28A00DB723C /* OpenGL Hello worldUITests */,
			);
		};
/* End PBXProject section */

/* Begin PBXResourcesBuildPhase section */
		6426E2952028A28A00DB723C /* Resources */ = {
			isa = PBXResourcesBuildPhase;
			buildActionMask = 2147483647;
			files = (
				6426E2A12028A28A00DB723C /* Assets.xcassets in Resources */,
				6426E2A42028A28A00DB723C /* Main.storyboard in Resources */,
			);
			runOnlyForDeploymentPostprocessing = 0;
		};
		6426E2AB2028A28A00DB723C /* Resources */ = {
			isa = PBXResourcesBuildPhase;
			buildActionMask = 2147483647;
			files = (
			);
			runOnlyForDeploymentPostprocessing = 0;
		};
		6426E2B62028A28A00DB723C /* Resources */ = {
			isa = PBXResourcesBuildPhase;
			buildActionMask = 2147483647;
			files = (
			);
			runOnlyForDeploymentPostprocessing = 0;
		};
/* End PBXResourcesBuildPhase section */

/* Begin PBXSourcesBuildPhase section */
		6426E2932028A28A00DB723C /* Sources */ = {
			isa = PBXSourcesBuildPhase;
			buildActionMask = 2147483647;
			files = (
				6426E2E42028A57600DB723C /* main.cpp in Sources */,
			);
			runOnlyForDeploymentPostprocessing = 0;
		};
		6426E2A92028A28A00DB723C /* Sources */ = {
			isa = PBXSourcesBuildPhase;
			buildActionMask = 2147483647;
			files = (
				6426E2B22028A28A00DB723C /* OpenGL_Hello_worldTests.m in Sources */,
			);
			runOnlyForDeploymentPostprocessing = 0;
		};
		6426E2B42028A28A00DB723C /* Sources */ = {
			isa = PBXSourcesBuildPhase;
			buildActionMask = 2147483647;
			files = (
				6426E2BD2028A28A00DB723C /* OpenGL_Hello_worldUITests.m in Sources */,
			);
			runOnlyForDeploymentPostprocessing = 0;
		};
/* End PBXSourcesBuildPhase section */

/* Begin PBXTargetDependency section */
		6426E2AF2028A28A00DB723C /* PBXTargetDependency */ = {
			isa = PBXTargetDependency;
			target = 6426E2962028A28A00DB723C /* OpenGL Hello world */;
			targetProxy = 6426E2AE2028A28A00DB723C /* PBXContainerItemProxy */;
		};
		6426E2BA2028A28A00DB723C /* PBXTargetDependency */ = {
			isa = PBXTargetDependency;
			target = 6426E2962028A28A00DB723C /* OpenGL Hello world */;
			targetProxy = 6426E2B92028A28A00DB723C /* PBXContainerItemProxy */;
		};
/* End PBXTargetDependency section */

/* Begin PBXVariantGroup section */
		6426E2A22028A28A00DB723C /* Main.storyboard */ = {
			isa = PBXVariantGroup;
			children = (
				6426E2A32028A28A00DB723C /* Base */,
			);
			name = Main.storyboard;
			sourceTree = "<group>";
		};
/* End PBXVariantGroup section */

/* Begin XCBuildConfiguration section */
		6426E2BF2028A28A00DB723C /* Debug */ = {
			isa = XCBuildConfiguration;
			buildSettings = {
				ALWAYS_SEARCH_USER_PATHS = NO;
				CLANG_ANALYZER_NONNULL = YES;
				CLANG_ANALYZER_NUMBER_OBJECT_CONVERSION = YES_AGGRESSIVE;
				CLANG_CXX_LANGUAGE_STANDARD = "gnu++14";
				CLANG_CXX_LIBRARY = "libc++";
				CLANG_ENABLE_MODULES = YES;
				CLANG_ENABLE_OBJC_ARC = YES;
				CLANG_WARN_BLOCK_CAPTURE_AUTORELEASING = YES;
				CLANG_WARN_BOOL_CONVERSION = YES;
				CLANG_WARN_COMMA = YES;
				CLANG_WARN_CONSTANT_CONVERSION = YES;
				CLANG_WARN_DIRECT_OBJC_ISA_USAGE = YES_ERROR;
				CLANG_WARN_DOCUMENTATION_COMMENTS = YES;
				CLANG_WARN_EMPTY_BODY = YES;
				CLANG_WARN_ENUM_CONVERSION = YES;
				CLANG_WARN_INFINITE_RECURSION = YES;
				CLANG_WARN_INT_CONVERSION = YES;
				CLANG_WARN_NON_LITERAL_NULL_CONVERSION = YES;
				CLANG_WARN_OBJC_LITERAL_CONVERSION = YES;
				CLANG_WARN_OBJC_ROOT_CLASS = YES_ERROR;
				CLANG_WARN_RANGE_LOOP_ANALYSIS = YES;
				CLANG_WARN_STRICT_PROTOTYPES = YES;
				CLANG_WARN_SUSPICIOUS_MOVE = YES;
				CLANG_WARN_UNGUARDED_AVAILABILITY = YES_AGGRESSIVE;
				CLANG_WARN_UNREACHABLE_CODE = YES;
				CLANG_WARN__DUPLICATE_METHOD_MATCH = YES;
				CODE_SIGN_IDENTITY = "Mac Developer";
				COPY_PHASE_STRIP = NO;
				DEBUG_INFORMATION_FORMAT = dwarf;
				ENABLE_STRICT_OBJC_MSGSEND = YES;
				ENABLE_TESTABILITY = YES;
				GCC_C_LANGUAGE_STANDARD = gnu11;
				GCC_DYNAMIC_NO_PIC = NO;
				GCC_NO_COMMON_BLOCKS = YES;
				GCC_OPTIMIZATION_LEVEL = 0;
				GCC_PREPROCESSOR_DEFINITIONS = (
					"DEBUG=1",
					"$(inherited)",
				);
				GCC_WARN_64_TO_32_BIT_CONVERSION = YES;
				GCC_WARN_ABOUT_RETURN_TYPE = YES_ERROR;
				GCC_WARN_UNDECLARED_SELECTOR = YES;
				GCC_WARN_UNINITIALIZED_AUTOS = YES_AGGRESSIVE;
				GCC_WARN_UNUSED_FUNCTION = YES;
				GCC_WARN_UNUSED_VARIABLE = YES;
				MACOSX_DEPLOYMENT_TARGET = 10.12;
				MTL_ENABLE_DEBUG_INFO = YES;
				ONLY_ACTIVE_ARCH = YES;
				SDKROOT = macosx;
			};
			name = Debug;
		};
		6426E2C02028A28A00DB723C /* Release */ = {
			isa = XCBuildConfiguration;
			buildSettings = {
				ALWAYS_SEARCH_USER_PATHS = NO;
				CLANG_ANALYZER_NONNULL = YES;
				CLANG_ANALYZER_NUMBER_OBJECT_CONVERSION = YES_AGGRESSIVE;
				CLANG_CXX_LANGUAGE_STANDARD = "gnu++14";
				CLANG_CXX_LIBRARY = "libc++";
				CLANG_ENABLE_MODULES = YES;
				CLANG_ENABLE_OBJC_ARC = YES;
				CLANG_WARN_BLOCK_CAPTURE_AUTORELEASING = YES;
				CLANG_WARN_BOOL_CONVERSION = YES;
				CLANG_WARN_COMMA = YES;
				CLANG_WARN_CONSTANT_CONVERSION = YES;
				CLANG_WARN_DIRECT_OBJC_ISA_USAGE = YES_ERROR;
				CLANG_WARN_DOCUMENTATION_COMMENTS = YES;
				CLANG_WARN_EMPTY_BODY = YES;
				CLANG_WARN_ENUM_CONVERSION = YES;
				CLANG_WARN_INFINITE_RECURSION = YES;
				CLANG_WARN_INT_CONVERSION = YES;
				CLANG_WARN_NON_LITERAL_NULL_CONVERSION = YES;
				CLANG_WARN_OBJC_LITERAL_CONVERSION = YES;
				CLANG_WARN_OBJC_ROOT_CLASS = YES_ERROR;
				CLANG_WARN_RANGE_LOOP_ANALYSIS = YES;
				CLANG_WARN_STRICT_PROTOTYPES = YES;
				CLANG_WARN_SUSPICIOUS_MOVE = YES;
				CLANG_WARN_UNGUARDED_AVAILABILITY = YES_AGGRESSIVE;
				CLANG_WARN_UNREACHABLE_CODE = YES;
				CLANG_WARN__DUPLICATE_METHOD_MATCH = YES;
				CODE_SIGN_IDENTITY = "Mac Developer";
				COPY_PHASE_STRIP = NO;
				DEBUG_INFORMATION_FORMAT = "dwarf-with-dsym";
				ENABLE_NS_ASSERTIONS = NO;
				ENABLE_STRICT_OBJC_MSGSEND = YES;
				GCC_C_LANGUAGE_STANDARD = gnu11;
				GCC_NO_COMMON_BLOCKS = YES;
				GCC_WARN_64_TO_32_BIT_CONVERSION = YES;
				GCC_WARN_ABOUT_RETURN_TYPE = YES_ERROR;
				GCC_WARN_UNDECLARED_SELECTOR = YES;
				GCC_WARN_UNINITIALIZED_AUTOS = YES_AGGRESSIVE;
				GCC_WARN_UNUSED_FUNCTION = YES;
				GCC_WARN_UNUSED_VARIABLE = YES;
				MACOSX_DEPLOYMENT_TARGET = 10.12;
				MTL_ENABLE_DEBUG_INFO = NO;
				SDKROOT = macosx;
			};
			name = Release;
		};
		6426E2C22028A28A00DB723C /* Debug */ = {
			isa = XCBuildConfiguration;
			buildSettings = {
				ASSETCATALOG_COMPILER_APPICON_NAME = AppIcon;
				CODE_SIGN_ENTITLEMENTS = "OpenGL Hello world/OpenGL_Hello_world.entitlements";
				CODE_SIGN_STYLE = Automatic;
				COMBINE_HIDPI_IMAGES = YES;
				DEVELOPMENT_TEAM = AG7FPKU77S;
				HEADER_SEARCH_PATHS = (
					"/Users/air/Desktop/OpenGL\\ Hello\\ world/OpenGL\\ Hello\\ world/include",
					"\n/Users/air/Desktop/OpenGL\\ Hello\\ world/OpenGL\\ Hello\\ world/include",
					"\n/Users/air/Desktop/OpenGL\\ Hello\\ world/OpenGL\\ Hello\\ world/include",
				);
				INFOPLIST_FILE = "OpenGL Hello world/Info.plist";
				LD_RUNPATH_SEARCH_PATHS = "$(inherited) @executable_path/../Frameworks";
				LIBRARY_SEARCH_PATHS = (
					"$(inherited)",
					"$(PROJECT_DIR)/OpenGL\\ Hello\\ world",
					"$(PROJECT_DIR)",
				);
				PRODUCT_BUNDLE_IDENTIFIER = "com.MountainJay.OpenGL-Hello-world";
				PRODUCT_NAME = "$(TARGET_NAME)";
			};
			name = Debug;
		};
		6426E2C32028A28A00DB723C /* Release */ = {
			isa = XCBuildConfiguration;
			buildSettings = {
				ASSETCATALOG_COMPILER_APPICON_NAME = AppIcon;
				CODE_SIGN_ENTITLEMENTS = "OpenGL Hello world/OpenGL_Hello_world.entitlements";
				CODE_SIGN_STYLE = Automatic;
				COMBINE_HIDPI_IMAGES = YES;
				DEVELOPMENT_TEAM = AG7FPKU77S;
				HEADER_SEARCH_PATHS = (
					"/Users/air/Desktop/OpenGL\\ Hello\\ world/OpenGL\\ Hello\\ world/include",
					"\n/Users/air/Desktop/OpenGL\\ Hello\\ world/OpenGL\\ Hello\\ world/include",
					"\n/Users/air/Desktop/OpenGL\\ Hello\\ world/OpenGL\\ Hello\\ world/include",
				);
				INFOPLIST_FILE = "OpenGL Hello world/Info.plist";
				LD_RUNPATH_SEARCH_PATHS = "$(inherited) @executable_path/../Frameworks";
				LIBRARY_SEARCH_PATHS = (
					"$(inherited)",
					"$(PROJECT_DIR)/OpenGL\\ Hello\\ world",
					"$(PROJECT_DIR)",
				);
				PRODUCT_BUNDLE_IDENTIFIER = "com.MountainJay.OpenGL-Hello-world";
				PRODUCT_NAME = "$(TARGET_NAME)";
			};
			name = Release;
		};
		6426E2C52028A28A00DB723C /* Debug */ = {
			isa = XCBuildConfiguration;
			buildSettings = {
				BUNDLE_LOADER = "$(TEST_HOST)";
				CODE_SIGN_STYLE = Automatic;
				COMBINE_HIDPI_IMAGES = YES;
				DEVELOPMENT_TEAM = AG7FPKU77S;
				INFOPLIST_FILE = "OpenGL Hello worldTests/Info.plist";
				LD_RUNPATH_SEARCH_PATHS = "$(inherited) @executable_path/../Frameworks @loader_path/../Frameworks";
				PRODUCT_BUNDLE_IDENTIFIER = "com.MountainJay.OpenGL-Hello-worldTests";
				PRODUCT_NAME = "$(TARGET_NAME)";
				TEST_HOST = "$(BUILT_PRODUCTS_DIR)/OpenGL Hello world.app/Contents/MacOS/OpenGL Hello world";
			};
			name = Debug;
		};
		6426E2C62028A28A00DB723C /* Release */ = {
			isa = XCBuildConfiguration;
			buildSettings = {
				BUNDLE_LOADER = "$(TEST_HOST)";
				CODE_SIGN_STYLE = Automatic;
				COMBINE_HIDPI_IMAGES = YES;
				DEVELOPMENT_TEAM = AG7FPKU77S;
				INFOPLIST_FILE = "OpenGL Hello worldTests/Info.plist";
				LD_RUNPATH_SEARCH_PATHS = "$(inherited) @executable_path/../Frameworks @loader_path/../Frameworks";
				PRODUCT_BUNDLE_IDENTIFIER = "com.MountainJay.OpenGL-Hello-worldTests";
				PRODUCT_NAME = "$(TARGET_NAME)";
				TEST_HOST = "$(BUILT_PRODUCTS_DIR)/OpenGL Hello world.app/Contents/MacOS/OpenGL Hello world";
			};
			name = Release;
		};
		6426E2C82028A28A00DB723C /* Debug */ = {
			isa = XCBuildConfiguration;
			buildSettings = {
				CODE_SIGN_STYLE = Automatic;
				COMBINE_HIDPI_IMAGES = YES;
				DEVELOPMENT_TEAM = AG7FPKU77S;
				INFOPLIST_FILE = "OpenGL Hello worldUITests/Info.plist";
				LD_RUNPATH_SEARCH_PATHS = "$(inherited) @executable_path/../Frameworks @loader_path/../Frameworks";
				PRODUCT_BUNDLE_IDENTIFIER = "com.MountainJay.OpenGL-Hello-worldUITests";
				PRODUCT_NAME = "$(TARGET_NAME)";
				TEST_TARGET_NAME = "OpenGL Hello world";
			};
			name = Debug;
		};
		6426E2C92028A28A00DB723C /* Release */ = {
			isa = XCBuildConfiguration;
			buildSettings = {
				CODE_SIGN_STYLE = Automatic;
				COMBINE_HIDPI_IMAGES = YES;
				DEVELOPMENT_TEAM = AG7FPKU77S;
				INFOPLIST_FILE = "OpenGL Hello worldUITests/Info.plist";
				LD_RUNPATH_SEARCH_PATHS = "$(inherited) @executable_path/../Frameworks @loader_path/../Frameworks";
				PRODUCT_BUNDLE_IDENTIFIER = "com.MountainJay.OpenGL-Hello-worldUITests";
				PRODUCT_NAME = "$(TARGET_NAME)";
				TEST_TARGET_NAME = "OpenGL Hello world";
			};
			name = Release;
		};
/* End XCBuildConfiguration section */

/* Begin XCConfigurationList section */
		6426E2922028A28A00DB723C /* Build configuration list for PBXProject "OpenGL Hello world" */ = {
			isa = XCConfigurationList;
			buildConfigurations = (
				6426E2BF2028A28A00DB723C /* Debug */,
				6426E2C02028A28A00DB723C /* Release */,
			);
			defaultConfigurationIsVisible = 0;
			defaultConfigurationName = Release;
		};
		6426E2C12028A28A00DB723C /* Build configuration list for PBXNativeTarget "OpenGL Hello world" */ = {
			isa = XCConfigurationList;
			buildConfigurations = (
				6426E2C22028A28A00DB723C /* Debug */,
				6426E2C32028A28A00DB723C /* Release */,
			);
			defaultConfigurationIsVisible = 0;
			defaultConfigurationName = Release;
		};
		6426E2C42028A28A00DB723C /* Build configuration list for PBXNativeTarget "OpenGL Hello worldTests" */ = {
			isa = XCConfigurationList;
			buildConfigurations = (
				6426E2C52028A28A00DB723C /* Debug */,
				6426E2C62028A28A00DB723C /* Release */,
			);
			defaultConfigurationIsVisible = 0;
			defaultConfigurationName = Release;
		};
		6426E2C72028A28A00DB723C /* Build configuration list for PBXNativeTarget "OpenGL Hello worldUITests" */ = {
			isa = XCConfigurationList;
			buildConfigurations = (
				6426E2C82028A28A00DB723C /* Debug */,
				6426E2C92028A28A00DB723C /* Release */,
			);
			defaultConfigurationIsVisible = 0;
			defaultConfigurationName = Release;
		};
/* End XCConfigurationList section */
	};
	rootObject = 6426E28F2028A28A00DB723C /* Project object */;
}
